
Microsoft Visual Studio Solution File, Format Version 12.00
# Visual Studio Version 17
VisualStudioVersion = 17.0.31903.59
MinimumVisualStudioVersion = 10.0.40219.1
Project("{2150E333-8FDC-42A3-9474-1A3956D46DE8}") = "src", "src", "{827E0CD3-B72D-47B6-A68D-7590B98EB39B}"
EndProject
Project("{FAE04EC0-301F-11D3-BF4B-00C04F79EFBC}") = "LaBlanca.Domain", "src\LaBlanca.Domain\LaBlanca.Domain.csproj", "{1CD71B77-9C0B-46CC-B480-99891279FF80}"
EndProject
Project("{FAE04EC0-301F-11D3-BF4B-00C04F79EFBC}") = "LaBlanca.Application", "src\LaBlanca.Application\LaBlanca.Application.csproj", "{E116698D-4EA2-40E9-9338-09A4A5264BA1}"
EndProject
Project("{FAE04EC0-301F-11D3-BF4B-00C04F79EFBC}") = "LaBlanca.Infrastructure", "src\LaBlanca.Infrastructure\LaBlanca.Infrastructure.csproj", "{D11309E4-B449-43E1-A7E0-92FA548D8936}"
EndProject
Project("{FAE04EC0-301F-11D3-BF4B-00C04F79EFBC}") = "LaBlanca.Api", "src\LaBlanca.Api\LaBlanca.Api.csproj", "{5EBB50DA-479F-468A-9C7C-D34813A2820D}"
EndProject
Project("{FAE04EC0-301F-11D3-BF4B-00C04F79EFBC}") = "LaBlanca.Shared", "src\LaBlanca.Shared\LaBlanca.Shared.csproj", "{39687C9F-1DB3-4703-8436-B54A9DFAD184}"
EndProject
Project("{FAE04EC0-301F-11D3-BF4B-00C04F79EFBC}") = "LaBlanca.Migrations", "src\LaBlanca.Migrations\LaBlanca.Migrations.csproj", "{DB0722BD-33AB-42B3-ADBF-8939A25EF3CC}"
EndProject
Project("{2150E333-8FDC-42A3-9474-1A3956D46DE8}") = "tools", "tools", "{07C2787E-EAC7-C090-1BA3-A61EC2A24D84}"
EndProject
Project("{FAE04EC0-301F-11D3-BF4B-00C04F79EFBC}") = "LaBlanca.Tools", "tools\LaBlanca.Tools\LaBlanca.Tools.csproj", "{34213D14-0D8E-418D-AA16-1B369DB75A42}"
EndProject
Project("{2150E333-8FDC-42A3-9474-1A3956D46DE8}") = "tests", "tests", "{0AB3BF05-4346-4AA6-1389-037BE0695223}"
EndProject
Project("{FAE04EC0-301F-11D3-BF4B-00C04F79EFBC}") = "LaBlanca.UnitTests", "tests\LaBlanca.UnitTests\LaBlanca.UnitTests.csproj", "{B2B31A13-C882-407D-AC23-A9DE7E78BCF7}"
EndProject
Project("{FAE04EC0-301F-11D3-BF4B-00C04F79EFBC}") = "LaBlanca.IntegrationTests", "tests\LaBlanca.IntegrationTests\LaBlanca.IntegrationTests.csproj", "{DA10E755-6771-467E-AC14-59B40152B40C}"
EndProject
Global
	GlobalSection(SolutionConfigurationPlatforms) = preSolution
		Debug|Any CPU = Debug|Any CPU
		Debug|x64 = Debug|x64
		Debug|x86 = Debug|x86
		Release|Any CPU = Release|Any CPU
		Release|x64 = Release|x64
		Release|x86 = Release|x86
	EndGlobalSection
	GlobalSection(ProjectConfigurationPlatforms) = postSolution
		{1CD71B77-9C0B-46CC-B480-99891279FF80}.Debug|Any CPU.ActiveCfg = Debug|Any CPU
		{1CD71B77-9C0B-46CC-B480-99891279FF80}.Debug|Any CPU.Build.0 = Debug|Any CPU
		{1CD71B77-9C0B-46CC-B480-99891279FF80}.Debug|x64.ActiveCfg = Debug|Any CPU
		{1CD71B77-9C0B-46CC-B480-99891279FF80}.Debug|x64.Build.0 = Debug|Any CPU
		{1CD71B77-9C0B-46CC-B480-99891279FF80}.Debug|x86.ActiveCfg = Debug|Any CPU
		{1CD71B77-9C0B-46CC-B480-99891279FF80}.Debug|x86.Build.0 = Debug|Any CPU
		{1CD71B77-9C0B-46CC-B480-99891279FF80}.Release|Any CPU.ActiveCfg = Release|Any CPU
		{1CD71B77-9C0B-46CC-B480-99891279FF80}.Release|Any CPU.Build.0 = Release|Any CPU
		{1CD71B77-9C0B-46CC-B480-99891279FF80}.Release|x64.ActiveCfg = Release|Any CPU
		{1CD71B77-9C0B-46CC-B480-99891279FF80}.Release|x64.Build.0 = Release|Any CPU
		{1CD71B77-9C0B-46CC-B480-99891279FF80}.Release|x86.ActiveCfg = Release|Any CPU
		{1CD71B77-9C0B-46CC-B480-99891279FF80}.Release|x86.Build.0 = Release|Any CPU
		{E116698D-4EA2-40E9-9338-09A4A5264BA1}.Debug|Any CPU.ActiveCfg = Debug|Any CPU
		{E116698D-4EA2-40E9-9338-09A4A5264BA1}.Debug|Any CPU.Build.0 = Debug|Any CPU
		{E116698D-4EA2-40E9-9338-09A4A5264BA1}.Debug|x64.ActiveCfg = Debug|Any CPU
		{E116698D-4EA2-40E9-9338-09A4A5264BA1}.Debug|x64.Build.0 = Debug|Any CPU
		{E116698D-4EA2-40E9-9338-09A4A5264BA1}.Debug|x86.ActiveCfg = Debug|Any CPU
		{E116698D-4EA2-40E9-9338-09A4A5264BA1}.Debug|x86.Build.0 = Debug|Any CPU
		{E116698D-4EA2-40E9-9338-09A4A5264BA1}.Release|Any CPU.ActiveCfg = Release|Any CPU
		{E116698D-4EA2-40E9-9338-09A4A5264BA1}.Release|Any CPU.Build.0 = Release|Any CPU
		{E116698D-4EA2-40E9-9338-09A4A5264BA1}.Release|x64.ActiveCfg = Release|Any CPU
		{E116698D-4EA2-40E9-9338-09A4A5264BA1}.Release|x64.Build.0 = Release|Any CPU
		{E116698D-4EA2-40E9-9338-09A4A5264BA1}.Release|x86.ActiveCfg = Release|Any CPU
		{E116698D-4EA2-40E9-9338-09A4A5264BA1}.Release|x86.Build.0 = Release|Any CPU
		{D11309E4-B449-43E1-A7E0-92FA548D8936}.Debug|Any CPU.ActiveCfg = Debug|Any CPU
		{D11309E4-B449-43E1-A7E0-92FA548D8936}.Debug|Any CPU.Build.0 = Debug|Any CPU
		{D11309E4-B449-43E1-A7E0-92FA548D8936}.Debug|x64.ActiveCfg = Debug|Any CPU
		{D11309E4-B449-43E1-A7E0-92FA548D8936}.Debug|x64.Build.0 = Debug|Any CPU
		{D11309E4-B449-43E1-A7E0-92FA548D8936}.Debug|x86.ActiveCfg = Debug|Any CPU
		{D11309E4-B449-43E1-A7E0-92FA548D8936}.Debug|x86.Build.0 = Debug|Any CPU
		{D11309E4-B449-43E1-A7E0-92FA548D8936}.Release|Any CPU.ActiveCfg = Release|Any CPU
		{D11309E4-B449-43E1-A7E0-92FA548D8936}.Release|Any CPU.Build.0 = Release|Any CPU
		{D11309E4-B449-43E1-A7E0-92FA548D8936}.Release|x64.ActiveCfg = Release|Any CPU
		{D11309E4-B449-43E1-A7E0-92FA548D8936}.Release|x64.Build.0 = Release|Any CPU
		{D11309E4-B449-43E1-A7E0-92FA548D8936}.Release|x86.ActiveCfg = Release|Any CPU
		{D11309E4-B449-43E1-A7E0-92FA548D8936}.Release|x86.Build.0 = Release|Any CPU
		{5EBB50DA-479F-468A-9C7C-D34813A2820D}.Debug|Any CPU.ActiveCfg = Debug|Any CPU
		{5EBB50DA-479F-468A-9C7C-D34813A2820D}.Debug|Any CPU.Build.0 = Debug|Any CPU
		{5EBB50DA-479F-468A-9C7C-D34813A2820D}.Debug|x64.ActiveCfg = Debug|Any CPU
		{5EBB50DA-479F-468A-9C7C-D34813A2820D}.Debug|x64.Build.0 = Debug|Any CPU
		{5EBB50DA-479F-468A-9C7C-D34813A2820D}.Debug|x86.ActiveCfg = Debug|Any CPU
		{5EBB50DA-479F-468A-9C7C-D34813A2820D}.Debug|x86.Build.0 = Debug|Any CPU
		{5EBB50DA-479F-468A-9C7C-D34813A2820D}.Release|Any CPU.ActiveCfg = Release|Any CPU
		{5EBB50DA-479F-468A-9C7C-D34813A2820D}.Release|Any CPU.Build.0 = Release|Any CPU
		{5EBB50DA-479F-468A-9C7C-D34813A2820D}.Release|x64.ActiveCfg = Release|Any CPU
		{5EBB50DA-479F-468A-9C7C-D34813A2820D}.Release|x64.Build.0 = Release|Any CPU
		{5EBB50DA-479F-468A-9C7C-D34813A2820D}.Release|x86.ActiveCfg = Release|Any CPU
		{5EBB50DA-479F-468A-9C7C-D34813A2820D}.Release|x86.Build.0 = Release|Any CPU
		{39687C9F-1DB3-4703-8436-B54A9DFAD184}.Debug|Any CPU.ActiveCfg = Debug|Any CPU
		{39687C9F-1DB3-4703-8436-B54A9DFAD184}.Debug|Any CPU.Build.0 = Debug|Any CPU
		{39687C9F-1DB3-4703-8436-B54A9DFAD184}.Debug|x64.ActiveCfg = Debug|Any CPU
		{39687C9F-1DB3-4703-8436-B54A9DFAD184}.Debug|x64.Build.0 = Debug|Any CPU
		{39687C9F-1DB3-4703-8436-B54A9DFAD184}.Debug|x86.ActiveCfg = Debug|Any CPU
		{39687C9F-1DB3-4703-8436-B54A9DFAD184}.Debug|x86.Build.0 = Debug|Any CPU
		{39687C9F-1DB3-4703-8436-B54A9DFAD184}.Release|Any CPU.ActiveCfg = Release|Any CPU
		{39687C9F-1DB3-4703-8436-B54A9DFAD184}.Release|Any CPU.Build.0 = Release|Any CPU
		{39687C9F-1DB3-4703-8436-B54A9DFAD184}.Release|x64.ActiveCfg = Release|Any CPU
		{39687C9F-1DB3-4703-8436-B54A9DFAD184}.Release|x64.Build.0 = Release|Any CPU
		{39687C9F-1DB3-4703-8436-B54A9DFAD184}.Release|x86.ActiveCfg = Release|Any CPU
		{39687C9F-1DB3-4703-8436-B54A9DFAD184}.Release|x86.Build.0 = Release|Any CPU
		{DB0722BD-33AB-42B3-ADBF-8939A25EF3CC}.Debug|Any CPU.ActiveCfg = Debug|Any CPU
		{DB0722BD-33AB-42B3-ADBF-8939A25EF3CC}.Debug|Any CPU.Build.0 = Debug|Any CPU
		{DB0722BD-33AB-42B3-ADBF-8939A25EF3CC}.Debug|x64.ActiveCfg = Debug|Any CPU
		{DB0722BD-33AB-42B3-ADBF-8939A25EF3CC}.Debug|x64.Build.0 = Debug|Any CPU
		{DB0722BD-33AB-42B3-ADBF-8939A25EF3CC}.Debug|x86.ActiveCfg = Debug|Any CPU
		{DB0722BD-33AB-42B3-ADBF-8939A25EF3CC}.Debug|x86.Build.0 = Debug|Any CPU
		{DB0722BD-33AB-42B3-ADBF-8939A25EF3CC}.Release|Any CPU.ActiveCfg = Release|Any CPU
		{DB0722BD-33AB-42B3-ADBF-8939A25EF3CC}.Release|Any CPU.Build.0 = Release|Any CPU
		{DB0722BD-33AB-42B3-ADBF-8939A25EF3CC}.Release|x64.ActiveCfg = Release|Any CPU
		{DB0722BD-33AB-42B3-ADBF-8939A25EF3CC}.Release|x64.Build.0 = Release|Any CPU
		{DB0722BD-33AB-42B3-ADBF-8939A25EF3CC}.Release|x86.ActiveCfg = Release|Any CPU
		{DB0722BD-33AB-42B3-ADBF-8939A25EF3CC}.Release|x86.Build.0 = Release|Any CPU
		{34213D14-0D8E-418D-AA16-1B369DB75A42}.Debug|Any CPU.ActiveCfg = Debug|Any CPU
		{34213D14-0D8E-418D-AA16-1B369DB75A42}.Debug|Any CPU.Build.0 = Debug|Any CPU
		{34213D14-0D8E-418D-AA16-1B369DB75A42}.Debug|x64.ActiveCfg = Debug|Any CPU
		{34213D14-0D8E-418D-AA16-1B369DB75A42}.Debug|x64.Build.0 = Debug|Any CPU
		{34213D14-0D8E-418D-AA16-1B369DB75A42}.Debug|x86.ActiveCfg = Debug|Any CPU
		{34213D14-0D8E-418D-AA16-1B369DB75A42}.Debug|x86.Build.0 = Debug|Any CPU
		{34213D14-0D8E-418D-AA16-1B369DB75A42}.Release|Any CPU.ActiveCfg = Release|Any CPU
		{34213D14-0D8E-418D-AA16-1B369DB75A42}.Release|Any CPU.Build.0 = Release|Any CPU
		{34213D14-0D8E-418D-AA16-1B369DB75A42}.Release|x64.ActiveCfg = Release|Any CPU
		{34213D14-0D8E-418D-AA16-1B369DB75A42}.Release|x64.Build.0 = Release|Any CPU
		{34213D14-0D8E-418D-AA16-1B369DB75A42}.Release|x86.ActiveCfg = Release|Any CPU
		{34213D14-0D8E-418D-AA16-1B369DB75A42}.Release|x86.Build.0 = Release|Any CPU
		{B2B31A13-C882-407D-AC23-A9DE7E78BCF7}.Debug|Any CPU.ActiveCfg = Debug|Any CPU
		{B2B31A13-C882-407D-AC23-A9DE7E78BCF7}.Debug|Any CPU.Build.0 = Debug|Any CPU
		{B2B31A13-C882-407D-AC23-A9DE7E78BCF7}.Debug|x64.ActiveCfg = Debug|Any CPU
		{B2B31A13-C882-407D-AC23-A9DE7E78BCF7}.Debug|x64.Build.0 = Debug|Any CPU
		{B2B31A13-C882-407D-AC23-A9DE7E78BCF7}.Debug|x86.ActiveCfg = Debug|Any CPU
		{B2B31A13-C882-407D-AC23-A9DE7E78BCF7}.Debug|x86.Build.0 = Debug|Any CPU
		{B2B31A13-C882-407D-AC23-A9DE7E78BCF7}.Release|Any CPU.ActiveCfg = Release|Any CPU
		{B2B31A13-C882-407D-AC23-A9DE7E78BCF7}.Release|Any CPU.Build.0 = Release|Any CPU
		{B2B31A13-C882-407D-AC23-A9DE7E78BCF7}.Release|x64.ActiveCfg = Release|Any CPU
		{B2B31A13-C882-407D-AC23-A9DE7E78BCF7}.Release|x64.Build.0 = Release|Any CPU
		{B2B31A13-C882-407D-AC23-A9DE7E78BCF7}.Release|x86.ActiveCfg = Release|Any CPU
		{B2B31A13-C882-407D-AC23-A9DE7E78BCF7}.Release|x86.Build.0 = Release|Any CPU
		{DA10E755-6771-467E-AC14-59B40152B40C}.Debug|Any CPU.ActiveCfg = Debug|Any CPU
		{DA10E755-6771-467E-AC14-59B40152B40C}.Debug|Any CPU.Build.0 = Debug|Any CPU
		{DA10E755-6771-467E-AC14-59B40152B40C}.Debug|x64.ActiveCfg = Debug|Any CPU
		{DA10E755-6771-467E-AC14-59B40152B40C}.Debug|x64.Build.0 = Debug|Any CPU
		{DA10E755-6771-467E-AC14-59B40152B40C}.Debug|x86.ActiveCfg = Debug|Any CPU
		{DA10E755-6771-467E-AC14-59B40152B40C}.Debug|x86.Build.0 = Debug|Any CPU
		{DA10E755-6771-467E-AC14-59B40152B40C}.Release|Any CPU.ActiveCfg = Release|Any CPU
		{DA10E755-6771-467E-AC14-59B40152B40C}.Release|Any CPU.Build.0 = Release|Any CPU
		{DA10E755-6771-467E-AC14-59B40152B40C}.Release|x64.ActiveCfg = Release|Any CPU
		{DA10E755-6771-467E-AC14-59B40152B40C}.Release|x64.Build.0 = Release|Any CPU
		{DA10E755-6771-467E-AC14-59B40152B40C}.Release|x86.ActiveCfg = Release|Any CPU
		{DA10E755-6771-467E-AC14-59B40152B40C}.Release|x86.Build.0 = Release|Any CPU
	EndGlobalSection
	GlobalSection(SolutionProperties) = preSolution
		HideSolutionNode = FALSE
	EndGlobalSection
	GlobalSection(NestedProjects) = preSolution
		{1CD71B77-9C0B-46CC-B480-99891279FF80} = {827E0CD3-B72D-47B6-A68D-7590B98EB39B}
		{E116698D-4EA2-40E9-9338-09A4A5264BA1} = {827E0CD3-B72D-47B6-A68D-7590B98EB39B}
		{D11309E4-B449-43E1-A7E0-92FA548D8936} = {827E0CD3-B72D-47B6-A68D-7590B98EB39B}
		{5EBB50DA-479F-468A-9C7C-D34813A2820D} = {827E0CD3-B72D-47B6-A68D-7590B98EB39B}
		{39687C9F-1DB3-4703-8436-B54A9DFAD184} = {827E0CD3-B72D-47B6-A68D-7590B98EB39B}
		{DB0722BD-33AB-42B3-ADBF-8939A25EF3CC} = {827E0CD3-B72D-47B6-A68D-7590B98EB39B}
		{34213D14-0D8E-418D-AA16-1B369DB75A42} = {07C2787E-EAC7-C090-1BA3-A61EC2A24D84}
		{B2B31A13-C882-407D-AC23-A9DE7E78BCF7} = {0AB3BF05-4346-4AA6-1389-037BE0695223}
		{DA10E755-6771-467E-AC14-59B40152B40C} = {0AB3BF05-4346-4AA6-1389-037BE0695223}
	EndGlobalSection
EndGlobal
